# generated by rye
# use `rye lock` or `rye sync` to update this lockfile
#
# last locked with the following flags:
#   pre: false
#   features: []
#   all-features: false
#   with-sources: false

-e file:.
annotated-types==0.6.0
    # via pydantic
anyio==4.3.0
    # via starlette
exceptiongroup==1.2.0
    # via anyio
fastapi==0.110.0
    # via modern-python-2024-demo
idna==3.6
    # via anyio
pydantic==2.6.4
    # via fastapi
pydantic-core==2.16.3
    # via pydantic
sniffio==1.3.1
    # via anyio
starlette==0.36.3
    # via fastapi
typing-extensions==4.10.0
    # via anyio
    # via fastapi
    # via pydantic
    # via pydantic-core
